
Microsoft Visual Studio Solution File, Format Version 12.00
# Visual Studio Version 17
VisualStudioVersion = 17.14.36212.18 d17.14
MinimumVisualStudioVersion = 10.0.40219.1
Project("{FAE04EC0-301F-11D3-BF4B-00C04F79EFBC}") = "RudeGreeterPlugin", "RudeGreeterPlugin.csproj", "{FFCE508E-53D3-0221-4DEB-7237A2FC49F5}"
EndProject
Project("{FAE04EC0-301F-11D3-BF4B-00C04F79EFBC}") = "PrinterContracts", "..\PrinterContracts\PrinterContracts.csproj", "{71B0D43A-AD4D-9979-C0DF-3C9BC0C8C519}"
EndProject
Global
	GlobalSection(SolutionConfigurationPlatforms) = preSolution
		Debug|Any CPU = Debug|Any CPU
		Release|Any CPU = Release|Any CPU
	EndGlobalSection
	GlobalSection(ProjectConfigurationPlatforms) = postSolution
		{FFCE508E-53D3-0221-4DEB-7237A2FC49F5}.Debug|Any CPU.ActiveCfg = Debug|Any CPU
		{FFCE508E-53D3-0221-4DEB-7237A2FC49F5}.Debug|Any CPU.Build.0 = Debug|Any CPU
		{FFCE508E-53D3-0221-4DEB-7237A2FC49F5}.Release|Any CPU.ActiveCfg = Release|Any CPU
		{FFCE508E-53D3-0221-4DEB-7237A2FC49F5}.Release|Any CPU.Build.0 = Release|Any CPU
		{71B0D43A-AD4D-9979-C0DF-3C9BC0C8C519}.Debug|Any CPU.ActiveCfg = Debug|Any CPU
		{71B0D43A-AD4D-9979-C0DF-3C9BC0C8C519}.Debug|Any CPU.Build.0 = Debug|Any CPU
		{71B0D43A-AD4D-9979-C0DF-3C9BC0C8C519}.Release|Any CPU.ActiveCfg = Release|Any CPU
		{71B0D43A-AD4D-9979-C0DF-3C9BC0C8C519}.Release|Any CPU.Build.0 = Release|Any CPU
	EndGlobalSection
	GlobalSection(SolutionProperties) = preSolution
		HideSolutionNode = FALSE
	EndGlobalSection
	GlobalSection(ExtensibilityGlobals) = postSolution
		SolutionGuid = {6FAC1F36-B202-442E-B480-E4798CD15441}
	EndGlobalSection
EndGlobal
